<Solution>
  <Project Path="../../../../../../../../Documents/PROGRA3/programacion3/POO/Ejercicios_clase/Ejercicios_clase.csproj" Id="18e441ea-6635-4461-937d-4a0bda3314ff" />
  <Project Path="../../../../../../Documents/PROGRA3/programacion3/POO/Guia-1/Guia-1.csproj" Id="72d7de9c-6f35-45da-9f49-97b3c84e1bd5" />
</Solution>
